# GENERATED FILE - DO NOT EDIT DIRECTLY
schema_version: 1

bundle:
  version: "0.7.0"
  release_sequence: 54
  channel: "stable"
  source_tree_digest: "sha256:0ae904f255c51e5a67395fd31ff479962953af959984e8a7a52fe802a33cfdc6"
  digest: "sha256:b772a1c9f1033826fa12aeb1d806e74cffbdab6cc0a396cdfcf8f6f32ea7d34e"
  attestation_identity_digest: "sha256:c3296ac7aeae7f4140737f29c09dd8bd3bf539215a76eedac186074711aabe3b"

projection:
  input_digest: "sha256:d439cfc192daae636f82f38a43074c21c7e8158953346b0839c74b8d3a6cb468"
  output_digest: "sha256:482ae47e2600775a95e69836478ed4223205ab5b57920be5b50ecd342dda8111"
  files:
    - path: ".gds/compiled-policy.json"
      digest: "sha256:2cec8e32b897d6800963724f4d0c1680b05387ddaa45d256e8c89ca08cdd4ccb"
