# GENERATED FILE - DO NOT EDIT DIRECTLY
schema_version: 1

bundle:
  version: "0.8.0"
  release_sequence: 55
  channel: "stable"
  source_tree_digest: "sha256:059be9ccd7b94dbb2ed1d00de45ea0f33de430325aa15f0646c04eb35fd10249"
  digest: "sha256:e582619f2c9bf192b57b761418d52afe520630a074cbdae3ae9199223c33c93e"
  attestation_identity_digest: "sha256:e1b787c63de916f750e2cbcbf664967669024e1062964515f612b2c826c9e10d"

projection:
  input_digest: "sha256:166f34ad10913fd08cfcf0aff3310009e8238669bbd20f1951e4e08016bafe31"
  output_digest: "sha256:43d4f041251ec9b90a123b8886303595db184b39ce88c3a4a1cc09d528e86b25"
  files:
    - path: ".gds/compiled-policy.json"
      digest: "sha256:fcd7064cf43b09821b1526486228543872d4c14c19c36925201ce1c7711bb8b3"
